
Microsoft Visual Studio Solution File, Format Version 12.00
# Visual Studio Version 17
VisualStudioVersion = 17.9.34622.214
MinimumVisualStudioVersion = 10.0.40219.1
Project("{FAE04EC0-301F-11D3-BF4B-00C04F79EFBC}") = "Domapel", "Domapel\Domapel.csproj", "{CC807E9E-04B2-4A29-8771-DDC0CEACEC65}"
EndProject
Global
	GlobalSection(SolutionConfigurationPlatforms) = preSolution
		Debug|Any CPU = Debug|Any CPU
		Release|Any CPU = Release|Any CPU
	EndGlobalSection
	GlobalSection(ProjectConfigurationPlatforms) = postSolution
		{CC807E9E-04B2-4A29-8771-DDC0CEACEC65}.Debug|Any CPU.ActiveCfg = Debug|Any CPU
		{CC807E9E-04B2-4A29-8771-DDC0CEACEC65}.Debug|Any CPU.Build.0 = Debug|Any CPU
		{CC807E9E-04B2-4A29-8771-DDC0CEACEC65}.Release|Any CPU.ActiveCfg = Release|Any CPU
		{CC807E9E-04B2-4A29-8771-DDC0CEACEC65}.Release|Any CPU.Build.0 = Release|Any CPU
	EndGlobalSection
	GlobalSection(SolutionProperties) = preSolution
		HideSolutionNode = FALSE
	EndGlobalSection
	GlobalSection(ExtensibilityGlobals) = postSolution
		SolutionGuid = {170D9ED0-05CC-43BB-A66A-808CD8286E67}
	EndGlobalSection
EndGlobal
